<Solution>
  <Folder Name="/Notes/">
    <File Path="About.NET.txt" />
    <File Path="WhatIs.NET.txt" />
    <File Path="WhatIsC#.txt" />
  </Folder>
  <Project Path="EscapeCharacters/EscapeCharacters.csproj" />
  <Project Path="IntroductionToCSharp/IntroductionToCSharp.csproj" />
  <Project Path="TypeCasting/TypeCasting.csproj" Id="1a23a46a-9169-4b57-b2bf-dbab0fd54cc9" />
  <Project Path="Variables/Variables.csproj" />
</Solution>
