<Solution>
  <Folder Name="/Notes/">
    <File Path="About.NET.txt" />
    <File Path="WhatIs.NET.txt" />
    <File Path="WhatIsC#.txt" />
  </Folder>
  <Project Path="ArithmeticOperators/ArithmeticOperators.csproj" Id="a743994d-09eb-4823-aa3a-5f49104baf71" />
  <Project Path="EscapeCharacters/EscapeCharacters.csproj" />
  <Project Path="IntroductionToCSharp/IntroductionToCSharp.csproj" />
  <Project Path="RecapDemo1/RecapDemo1.csproj" Id="4b110879-47b5-4c11-a3b5-e0980cc79d73" />
  <Project Path="TypeCasting/TypeCasting.csproj" Id="1a23a46a-9169-4b57-b2bf-dbab0fd54cc9" />
  <Project Path="Variables/Variables.csproj" />
</Solution>
