<Solution>
  <Folder Name="/Notes/">
    <File Path="About.NET.txt" />
    <File Path="WhatIs.NET.txt" />
    <File Path="WhatIsC#.txt" />
  </Folder>
  <Project Path="EscapeCharacters/EscapeCharacters.csproj" />
  <Project Path="IntroductionToCSharp/IntroductionToCSharp.csproj" />
  <Project Path="Variables/Variables.csproj" />
</Solution>
